
Microsoft Visual Studio Solution File, Format Version 12.00
# Visual Studio 15
Project("{FAE04EC0-301F-11D3-BF4B-00C04F79EFBC}") = "TopChartMvvm.Droid", "Droid\TopChartMvvm.Droid.csproj", "{89070C59-7B69-4131-9077-17980A9F0559}"
EndProject
Project("{FAE04EC0-301F-11D3-BF4B-00C04F79EFBC}") = "Api", "Api\Api.csproj", "{E341EBEA-43BA-4EE7-8622-624D305040EB}"
EndProject
Project("{FAE04EC0-301F-11D3-BF4B-00C04F79EFBC}") = "Core", "Core\Core.csproj", "{116EC74F-F035-499F-8B8F-6AFC4899855F}"
EndProject
Project("{FAE04EC0-301F-11D3-BF4B-00C04F79EFBC}") = "UnitTests", "UnitTests\UnitTests.csproj", "{7ADE0722-F20E-468F-905F-BD722F20C19A}"
EndProject
Global
	GlobalSection(SolutionConfigurationPlatforms) = preSolution
		Debug|Any CPU = Debug|Any CPU
		Release|Any CPU = Release|Any CPU
	EndGlobalSection
	GlobalSection(ProjectConfigurationPlatforms) = postSolution
		{89070C59-7B69-4131-9077-17980A9F0559}.Debug|Any CPU.ActiveCfg = Debug|Any CPU
		{89070C59-7B69-4131-9077-17980A9F0559}.Debug|Any CPU.Build.0 = Debug|Any CPU
		{89070C59-7B69-4131-9077-17980A9F0559}.Release|Any CPU.ActiveCfg = Release|Any CPU
		{89070C59-7B69-4131-9077-17980A9F0559}.Release|Any CPU.Build.0 = Release|Any CPU
		{E341EBEA-43BA-4EE7-8622-624D305040EB}.Debug|Any CPU.ActiveCfg = Debug|Any CPU
		{E341EBEA-43BA-4EE7-8622-624D305040EB}.Debug|Any CPU.Build.0 = Debug|Any CPU
		{E341EBEA-43BA-4EE7-8622-624D305040EB}.Release|Any CPU.ActiveCfg = Release|Any CPU
		{E341EBEA-43BA-4EE7-8622-624D305040EB}.Release|Any CPU.Build.0 = Release|Any CPU
		{116EC74F-F035-499F-8B8F-6AFC4899855F}.Debug|Any CPU.ActiveCfg = Debug|Any CPU
		{116EC74F-F035-499F-8B8F-6AFC4899855F}.Debug|Any CPU.Build.0 = Debug|Any CPU
		{116EC74F-F035-499F-8B8F-6AFC4899855F}.Release|Any CPU.ActiveCfg = Release|Any CPU
		{116EC74F-F035-499F-8B8F-6AFC4899855F}.Release|Any CPU.Build.0 = Release|Any CPU
		{7ADE0722-F20E-468F-905F-BD722F20C19A}.Debug|Any CPU.ActiveCfg = Debug|Any CPU
		{7ADE0722-F20E-468F-905F-BD722F20C19A}.Debug|Any CPU.Build.0 = Debug|Any CPU
		{7ADE0722-F20E-468F-905F-BD722F20C19A}.Release|Any CPU.ActiveCfg = Release|Any CPU
		{7ADE0722-F20E-468F-905F-BD722F20C19A}.Release|Any CPU.Build.0 = Release|Any CPU
	EndGlobalSection
EndGlobal
